
Microsoft Visual Studio Solution File, Format Version 12.00
# Visual Studio Version 16
VisualStudioVersion = 16.0.29613.14
MinimumVisualStudioVersion = 10.0.40219.1
Project("{8BC9CEB8-8B4A-11D0-8D11-00A0C91BC942}") = "UndirectedGraph", "UndirectedGraph\UndirectedGraph.vcxproj", "{5DE0255D-D6C1-4574-BB3E-FC1239E3AA3F}"
EndProject
Global
	GlobalSection(SolutionConfigurationPlatforms) = preSolution
		Debug|x64 = Debug|x64
		Debug|x86 = Debug|x86
		Release|x64 = Release|x64
		Release|x86 = Release|x86
	EndGlobalSection
	GlobalSection(ProjectConfigurationPlatforms) = postSolution
		{5DE0255D-D6C1-4574-BB3E-FC1239E3AA3F}.Debug|x64.ActiveCfg = Debug|x64
		{5DE0255D-D6C1-4574-BB3E-FC1239E3AA3F}.Debug|x64.Build.0 = Debug|x64
		{5DE0255D-D6C1-4574-BB3E-FC1239E3AA3F}.Debug|x86.ActiveCfg = Debug|Win32
		{5DE0255D-D6C1-4574-BB3E-FC1239E3AA3F}.Debug|x86.Build.0 = Debug|Win32
		{5DE0255D-D6C1-4574-BB3E-FC1239E3AA3F}.Release|x64.ActiveCfg = Release|x64
		{5DE0255D-D6C1-4574-BB3E-FC1239E3AA3F}.Release|x64.Build.0 = Release|x64
		{5DE0255D-D6C1-4574-BB3E-FC1239E3AA3F}.Release|x86.ActiveCfg = Release|Win32
		{5DE0255D-D6C1-4574-BB3E-FC1239E3AA3F}.Release|x86.Build.0 = Release|Win32
	EndGlobalSection
	GlobalSection(SolutionProperties) = preSolution
		HideSolutionNode = FALSE
	EndGlobalSection
	GlobalSection(ExtensibilityGlobals) = postSolution
		SolutionGuid = {56A1912E-D60E-4BAB-9A03-07B70EA32D18}
	EndGlobalSection
EndGlobal
